// !$*UTF8*$!
{
	archiveVersion = 1;
	classes = {
	};
	objectVersion = 55;
	objects = {

/* Begin PBXBuildFile section */
		101ADDC628C93D21002430D9 /* User.m in Sources */ = {isa = PBXBuildFile; fileRef = 101ADDC528C93D21002430D9 /* User.m */; };
		1055B60F28C7F11000321EFD /* PharmaciesViewController.m in Sources */ = {isa = PBXBuildFile; fileRef = 1055B60E28C7F11000321EFD /* PharmaciesViewController.m */; };
		1055B61228C7F71100321EFD /* FirstViewController.m in Sources */ = {isa = PBXBuildFile; fileRef = 1055B61128C7F71100321EFD /* FirstViewController.m */; };
		1055B61528C80AB900321EFD /* Pharmacy.m in Sources */ = {isa = PBXBuildFile; fileRef = 1055B61428C80AB900321EFD /* Pharmacy.m */; };
		1055B61828C80B7A00321EFD /* Item.m in Sources */ = {isa = PBXBuildFile; fileRef = 1055B61728C80B7A00321EFD /* Item.m */; };
		1055B61B28C80BCE00321EFD /* Wholesaler.m in Sources */ = {isa = PBXBuildFile; fileRef = 1055B61A28C80BCE00321EFD /* Wholesaler.m */; };
		1055B61E28C80BEF00321EFD /* ReturnRequest.m in Sources */ = {isa = PBXBuildFile; fileRef = 1055B61D28C80BEF00321EFD /* ReturnRequest.m */; };
		1055B62128C80D9E00321EFD /* ReturnRequestsViewController.m in Sources */ = {isa = PBXBuildFile; fileRef = 1055B62028C80D9E00321EFD /* ReturnRequestsViewController.m */; };
		1055B62428C815D300321EFD /* ReturnRequestsTableViewCell.m in Sources */ = {isa = PBXBuildFile; fileRef = 1055B62328C815D300321EFD /* ReturnRequestsTableViewCell.m */; };
		1055B62A28C81DFE00321EFD /* ItemsTableViewController.m in Sources */ = {isa = PBXBuildFile; fileRef = 1055B62928C81DFE00321EFD /* ItemsTableViewController.m */; };
		1055B62D28C820F500321EFD /* CreateReturnRequestViewController.m in Sources */ = {isa = PBXBuildFile; fileRef = 1055B62C28C820F500321EFD /* CreateReturnRequestViewController.m */; };
		1055B63028C8215400321EFD /* AddItemViewController.m in Sources */ = {isa = PBXBuildFile; fileRef = 1055B62F28C8215400321EFD /* AddItemViewController.m */; };
		10B9305128C6CB420076E462 /* AppDelegate.m in Sources */ = {isa = PBXBuildFile; fileRef = 10B9305028C6CB420076E462 /* AppDelegate.m */; };
		10B9305428C6CB420076E462 /* SceneDelegate.m in Sources */ = {isa = PBXBuildFile; fileRef = 10B9305328C6CB420076E462 /* SceneDelegate.m */; };
		10B9305A28C6CB420076E462 /* Main.storyboard in Resources */ = {isa = PBXBuildFile; fileRef = 10B9305828C6CB420076E462 /* Main.storyboard */; };
		10B9305D28C6CB420076E462 /* Pharmacy.xcdatamodeld in Sources */ = {isa = PBXBuildFile; fileRef = 10B9305B28C6CB420076E462 /* Pharmacy.xcdatamodeld */; };
		10B9305F28C6CB440076E462 /* Assets.xcassets in Resources */ = {isa = PBXBuildFile; fileRef = 10B9305E28C6CB440076E462 /* Assets.xcassets */; };
		10B9306228C6CB440076E462 /* LaunchScreen.storyboard in Resources */ = {isa = PBXBuildFile; fileRef = 10B9306028C6CB440076E462 /* LaunchScreen.storyboard */; };
		10B9306528C6CB440076E462 /* main.m in Sources */ = {isa = PBXBuildFile; fileRef = 10B9306428C6CB440076E462 /* main.m */; };
		10B9307428C6D66A0076E462 /* PharmacyHttpClient.m in Sources */ = {isa = PBXBuildFile; fileRef = 10B9307328C6D66A0076E462 /* PharmacyHttpClient.m */; };
		10B9307728C6D8430076E462 /* LoginViewController.m in Sources */ = {isa = PBXBuildFile; fileRef = 10B9307628C6D8430076E462 /* LoginViewController.m */; };
		10B9307C28C6DC760076E462 /* PharmacyAlert.m in Sources */ = {isa = PBXBuildFile; fileRef = 10B9307B28C6DC760076E462 /* PharmacyAlert.m */; };
		155B0E133983173E2C723AFD /* Pods_Pharmacy.framework in Frameworks */ = {isa = PBXBuildFile; fileRef = 72976B30598CFCC0DF2CC8DA /* Pods_Pharmacy.framework */; };
/* End PBXBuildFile section */

/* Begin PBXFileReference section */
		101ADDC428C93D21002430D9 /* User.h */ = {isa = PBXFileReference; lastKnownFileType = sourcecode.c.h; path = User.h; sourceTree = "<group>"; };
		101ADDC528C93D21002430D9 /* User.m */ = {isa = PBXFileReference; lastKnownFileType = sourcecode.c.objc; path = User.m; sourceTree = "<group>"; };
		1055B60D28C7F11000321EFD /* PharmaciesViewController.h */ = {isa = PBXFileReference; lastKnownFileType = sourcecode.c.h; path = PharmaciesViewController.h; sourceTree = "<group>"; };
		1055B60E28C7F11000321EFD /* PharmaciesViewController.m */ = {isa = PBXFileReference; lastKnownFileType = sourcecode.c.objc; path = PharmaciesViewController.m; sourceTree = "<group>"; };
		1055B61028C7F71100321EFD /* FirstViewController.h */ = {isa = PBXFileReference; lastKnownFileType = sourcecode.c.h; path = FirstViewController.h; sourceTree = "<group>"; };
		1055B61128C7F71100321EFD /* FirstViewController.m */ = {isa = PBXFileReference; lastKnownFileType = sourcecode.c.objc; path = FirstViewController.m; sourceTree = "<group>"; };
		1055B61328C80AB800321EFD /* Pharmacy.h */ = {isa = PBXFileReference; lastKnownFileType = sourcecode.c.h; path = Pharmacy.h; sourceTree = "<group>"; };
		1055B61428C80AB900321EFD /* Pharmacy.m */ = {isa = PBXFileReference; lastKnownFileType = sourcecode.c.objc; path = Pharmacy.m; sourceTree = "<group>"; };
		1055B61628C80B7A00321EFD /* Item.h */ = {isa = PBXFileReference; lastKnownFileType = sourcecode.c.h; path = Item.h; sourceTree = "<group>"; };
		1055B61728C80B7A00321EFD /* Item.m */ = {isa = PBXFileReference; lastKnownFileType = sourcecode.c.objc; path = Item.m; sourceTree = "<group>"; };
		1055B61928C80BCE00321EFD /* Wholesaler.h */ = {isa = PBXFileReference; lastKnownFileType = sourcecode.c.h; path = Wholesaler.h; sourceTree = "<group>"; };
		1055B61A28C80BCE00321EFD /* Wholesaler.m */ = {isa = PBXFileReference; lastKnownFileType = sourcecode.c.objc; path = Wholesaler.m; sourceTree = "<group>"; };
		1055B61C28C80BEF00321EFD /* ReturnRequest.h */ = {isa = PBXFileReference; lastKnownFileType = sourcecode.c.h; path = ReturnRequest.h; sourceTree = "<group>"; };
		1055B61D28C80BEF00321EFD /* ReturnRequest.m */ = {isa = PBXFileReference; lastKnownFileType = sourcecode.c.objc; path = ReturnRequest.m; sourceTree = "<group>"; };
		1055B61F28C80D9E00321EFD /* ReturnRequestsViewController.h */ = {isa = PBXFileReference; lastKnownFileType = sourcecode.c.h; path = ReturnRequestsViewController.h; sourceTree = "<group>"; };
		1055B62028C80D9E00321EFD /* ReturnRequestsViewController.m */ = {isa = PBXFileReference; lastKnownFileType = sourcecode.c.objc; path = ReturnRequestsViewController.m; sourceTree = "<group>"; };
		1055B62228C815D300321EFD /* ReturnRequestsTableViewCell.h */ = {isa = PBXFileReference; lastKnownFileType = sourcecode.c.h; path = ReturnRequestsTableViewCell.h; sourceTree = "<group>"; };
		1055B62328C815D300321EFD /* ReturnRequestsTableViewCell.m */ = {isa = PBXFileReference; lastKnownFileType = sourcecode.c.objc; path = ReturnRequestsTableViewCell.m; sourceTree = "<group>"; };
		1055B62828C81DFE00321EFD /* ItemsTableViewController.h */ = {isa = PBXFileReference; lastKnownFileType = sourcecode.c.h; path = ItemsTableViewController.h; sourceTree = "<group>"; };
		1055B62928C81DFE00321EFD /* ItemsTableViewController.m */ = {isa = PBXFileReference; lastKnownFileType = sourcecode.c.objc; path = ItemsTableViewController.m; sourceTree = "<group>"; };
		1055B62B28C820F500321EFD /* CreateReturnRequestViewController.h */ = {isa = PBXFileReference; lastKnownFileType = sourcecode.c.h; path = CreateReturnRequestViewController.h; sourceTree = "<group>"; };
		1055B62C28C820F500321EFD /* CreateReturnRequestViewController.m */ = {isa = PBXFileReference; lastKnownFileType = sourcecode.c.objc; path = CreateReturnRequestViewController.m; sourceTree = "<group>"; };
		1055B62E28C8215400321EFD /* AddItemViewController.h */ = {isa = PBXFileReference; lastKnownFileType = sourcecode.c.h; path = AddItemViewController.h; sourceTree = "<group>"; };
		1055B62F28C8215400321EFD /* AddItemViewController.m */ = {isa = PBXFileReference; lastKnownFileType = sourcecode.c.objc; path = AddItemViewController.m; sourceTree = "<group>"; };
		10B9304C28C6CB420076E462 /* Pharmacy.app */ = {isa = PBXFileReference; explicitFileType = wrapper.application; includeInIndex = 0; path = Pharmacy.app; sourceTree = BUILT_PRODUCTS_DIR; };
		10B9304F28C6CB420076E462 /* AppDelegate.h */ = {isa = PBXFileReference; lastKnownFileType = sourcecode.c.h; path = AppDelegate.h; sourceTree = "<group>"; };
		10B9305028C6CB420076E462 /* AppDelegate.m */ = {isa = PBXFileReference; lastKnownFileType = sourcecode.c.objc; path = AppDelegate.m; sourceTree = "<group>"; };
		10B9305228C6CB420076E462 /* SceneDelegate.h */ = {isa = PBXFileReference; lastKnownFileType = sourcecode.c.h; path = SceneDelegate.h; sourceTree = "<group>"; };
		10B9305328C6CB420076E462 /* SceneDelegate.m */ = {isa = PBXFileReference; lastKnownFileType = sourcecode.c.objc; path = SceneDelegate.m; sourceTree = "<group>"; };
		10B9305928C6CB420076E462 /* Base */ = {isa = PBXFileReference; lastKnownFileType = file.storyboard; name = Base; path = Base.lproj/Main.storyboard; sourceTree = "<group>"; };
		10B9305C28C6CB420076E462 /* Pharmacy.xcdatamodel */ = {isa = PBXFileReference; lastKnownFileType = wrapper.xcdatamodel; path = Pharmacy.xcdatamodel; sourceTree = "<group>"; };
		10B9305E28C6CB440076E462 /* Assets.xcassets */ = {isa = PBXFileReference; lastKnownFileType = folder.assetcatalog; path = Assets.xcassets; sourceTree = "<group>"; };
		10B9306128C6CB440076E462 /* Base */ = {isa = PBXFileReference; lastKnownFileType = file.storyboard; name = Base; path = Base.lproj/LaunchScreen.storyboard; sourceTree = "<group>"; };
		10B9306328C6CB440076E462 /* Info.plist */ = {isa = PBXFileReference; lastKnownFileType = text.plist.xml; path = Info.plist; sourceTree = "<group>"; };
		10B9306428C6CB440076E462 /* main.m */ = {isa = PBXFileReference; lastKnownFileType = sourcecode.c.objc; path = main.m; sourceTree = "<group>"; };
		10B9307128C6D4A80076E462 /* Pharmacy.pch */ = {isa = PBXFileReference; lastKnownFileType = sourcecode.c.h; path = Pharmacy.pch; sourceTree = "<group>"; };
		10B9307228C6D66A0076E462 /* PharmacyHttpClient.h */ = {isa = PBXFileReference; lastKnownFileType = sourcecode.c.h; path = PharmacyHttpClient.h; sourceTree = "<group>"; };
		10B9307328C6D66A0076E462 /* PharmacyHttpClient.m */ = {isa = PBXFileReference; lastKnownFileType = sourcecode.c.objc; path = PharmacyHttpClient.m; sourceTree = "<group>"; };
		10B9307528C6D8430076E462 /* LoginViewController.h */ = {isa = PBXFileReference; lastKnownFileType = sourcecode.c.h; path = LoginViewController.h; sourceTree = "<group>"; };
		10B9307628C6D8430076E462 /* LoginViewController.m */ = {isa = PBXFileReference; lastKnownFileType = sourcecode.c.objc; path = LoginViewController.m; sourceTree = "<group>"; };
		10B9307A28C6DC750076E462 /* PharmacyAlert.h */ = {isa = PBXFileReference; lastKnownFileType = sourcecode.c.h; path = PharmacyAlert.h; sourceTree = "<group>"; };
		10B9307B28C6DC760076E462 /* PharmacyAlert.m */ = {isa = PBXFileReference; lastKnownFileType = sourcecode.c.objc; path = PharmacyAlert.m; sourceTree = "<group>"; };
		72976B30598CFCC0DF2CC8DA /* Pods_Pharmacy.framework */ = {isa = PBXFileReference; explicitFileType = wrapper.framework; includeInIndex = 0; path = Pods_Pharmacy.framework; sourceTree = BUILT_PRODUCTS_DIR; };
		B664760465F4D3DCB07D6CDE /* Pods-Pharmacy.release.xcconfig */ = {isa = PBXFileReference; includeInIndex = 1; lastKnownFileType = text.xcconfig; name = "Pods-Pharmacy.release.xcconfig"; path = "Target Support Files/Pods-Pharmacy/Pods-Pharmacy.release.xcconfig"; sourceTree = "<group>"; };
		D5EE9009DF0989E95EFCDEDE /* Pods-Pharmacy.debug.xcconfig */ = {isa = PBXFileReference; includeInIndex = 1; lastKnownFileType = text.xcconfig; name = "Pods-Pharmacy.debug.xcconfig"; path = "Target Support Files/Pods-Pharmacy/Pods-Pharmacy.debug.xcconfig"; sourceTree = "<group>"; };
/* End PBXFileReference section */

/* Begin PBXFrameworksBuildPhase section */
		10B9304928C6CB420076E462 /* Frameworks */ = {
			isa = PBXFrameworksBuildPhase;
			buildActionMask = 2147483647;
			files = (
				155B0E133983173E2C723AFD /* Pods_Pharmacy.framework in Frameworks */,
			);
			runOnlyForDeploymentPostprocessing = 0;
		};
/* End PBXFrameworksBuildPhase section */

/* Begin PBXGroup section */
		08B51D402EC9EEE9E5AB57D0 /* Frameworks */ = {
			isa = PBXGroup;
			children = (
				72976B30598CFCC0DF2CC8DA /* Pods_Pharmacy.framework */,
			);
			name = Frameworks;
			sourceTree = "<group>";
		};
		10B9304328C6CB420076E462 = {
			isa = PBXGroup;
			children = (
				10B9304E28C6CB420076E462 /* Pharmacy */,
				10B9304D28C6CB420076E462 /* Products */,
				8EF1F48459C5F21BB91446BC /* Pods */,
				08B51D402EC9EEE9E5AB57D0 /* Frameworks */,
			);
			sourceTree = "<group>";
		};
		10B9304D28C6CB420076E462 /* Products */ = {
			isa = PBXGroup;
			children = (
				10B9304C28C6CB420076E462 /* Pharmacy.app */,
			);
			name = Products;
			sourceTree = "<group>";
		};
		10B9304E28C6CB420076E462 /* Pharmacy */ = {
			isa = PBXGroup;
			children = (
				10B9307128C6D4A80076E462 /* Pharmacy.pch */,
				10B9307028C6D4300076E462 /* Pharmacy Library */,
				10B9306F28C6CC000076E462 /* Controller */,
				10B9306E28C6CBF30076E462 /* View */,
				10B9306D28C6CBE00076E462 /* Model */,
				10B9306C28C6CBA30076E462 /* Delegates */,
				10B9306B28C6CB6E0076E462 /* Supportibg Files */,
				10B9305828C6CB420076E462 /* Main.storyboard */,
				10B9306328C6CB440076E462 /* Info.plist */,
				10B9305B28C6CB420076E462 /* Pharmacy.xcdatamodeld */,
			);
			path = Pharmacy;
			sourceTree = "<group>";
		};
		10B9306B28C6CB6E0076E462 /* Supportibg Files */ = {
			isa = PBXGroup;
			children = (
				10B9305E28C6CB440076E462 /* Assets.xcassets */,
				10B9306028C6CB440076E462 /* LaunchScreen.storyboard */,
				10B9306428C6CB440076E462 /* main.m */,
			);
			path = "Supportibg Files";
			sourceTree = "<group>";
		};
		10B9306C28C6CBA30076E462 /* Delegates */ = {
			isa = PBXGroup;
			children = (
				10B9304F28C6CB420076E462 /* AppDelegate.h */,
				10B9305028C6CB420076E462 /* AppDelegate.m */,
				10B9305228C6CB420076E462 /* SceneDelegate.h */,
				10B9305328C6CB420076E462 /* SceneDelegate.m */,
			);
			path = Delegates;
			sourceTree = "<group>";
		};
		10B9306D28C6CBE00076E462 /* Model */ = {
			isa = PBXGroup;
			children = (
				1055B61328C80AB800321EFD /* Pharmacy.h */,
				1055B61428C80AB900321EFD /* Pharmacy.m */,
				1055B61628C80B7A00321EFD /* Item.h */,
				1055B61728C80B7A00321EFD /* Item.m */,
				1055B61928C80BCE00321EFD /* Wholesaler.h */,
				1055B61A28C80BCE00321EFD /* Wholesaler.m */,
				1055B61C28C80BEF00321EFD /* ReturnRequest.h */,
				1055B61D28C80BEF00321EFD /* ReturnRequest.m */,
				101ADDC428C93D21002430D9 /* User.h */,
				101ADDC528C93D21002430D9 /* User.m */,
			);
			path = Model;
			sourceTree = "<group>";
		};
		10B9306E28C6CBF30076E462 /* View */ = {
			isa = PBXGroup;
			children = (
				1055B62228C815D300321EFD /* ReturnRequestsTableViewCell.h */,
				1055B62328C815D300321EFD /* ReturnRequestsTableViewCell.m */,
			);
			path = View;
			sourceTree = "<group>";
		};
		10B9306F28C6CC000076E462 /* Controller */ = {
			isa = PBXGroup;
			children = (
				10B9307528C6D8430076E462 /* LoginViewController.h */,
				10B9307628C6D8430076E462 /* LoginViewController.m */,
				1055B60D28C7F11000321EFD /* PharmaciesViewController.h */,
				1055B60E28C7F11000321EFD /* PharmaciesViewController.m */,
				1055B61028C7F71100321EFD /* FirstViewController.h */,
				1055B61128C7F71100321EFD /* FirstViewController.m */,
				1055B61F28C80D9E00321EFD /* ReturnRequestsViewController.h */,
				1055B62028C80D9E00321EFD /* ReturnRequestsViewController.m */,
				1055B62828C81DFE00321EFD /* ItemsTableViewController.h */,
				1055B62928C81DFE00321EFD /* ItemsTableViewController.m */,
				1055B62B28C820F500321EFD /* CreateReturnRequestViewController.h */,
				1055B62C28C820F500321EFD /* CreateReturnRequestViewController.m */,
				1055B62E28C8215400321EFD /* AddItemViewController.h */,
				1055B62F28C8215400321EFD /* AddItemViewController.m */,
			);
			path = Controller;
			sourceTree = "<group>";
		};
		10B9307028C6D4300076E462 /* Pharmacy Library */ = {
			isa = PBXGroup;
			children = (
				10B9307928C6DAD50076E462 /* Categories */,
				10B9307228C6D66A0076E462 /* PharmacyHttpClient.h */,
				10B9307328C6D66A0076E462 /* PharmacyHttpClient.m */,
				10B9307A28C6DC750076E462 /* PharmacyAlert.h */,
				10B9307B28C6DC760076E462 /* PharmacyAlert.m */,
			);
			path = "Pharmacy Library";
			sourceTree = "<group>";
		};
		10B9307928C6DAD50076E462 /* Categories */ = {
			isa = PBXGroup;
			children = (
			);
			path = Categories;
			sourceTree = "<group>";
		};
		8EF1F48459C5F21BB91446BC /* Pods */ = {
			isa = PBXGroup;
			children = (
				D5EE9009DF0989E95EFCDEDE /* Pods-Pharmacy.debug.xcconfig */,
				B664760465F4D3DCB07D6CDE /* Pods-Pharmacy.release.xcconfig */,
			);
			path = Pods;
			sourceTree = "<group>";
		};
/* End PBXGroup section */

/* Begin PBXNativeTarget section */
		10B9304B28C6CB420076E462 /* Pharmacy */ = {
			isa = PBXNativeTarget;
			buildConfigurationList = 10B9306828C6CB440076E462 /* Build configuration list for PBXNativeTarget "Pharmacy" */;
			buildPhases = (
				54861FDDD9F2C7EA97148068 /* [CP] Check Pods Manifest.lock */,
				10B9304828C6CB420076E462 /* Sources */,
				10B9304928C6CB420076E462 /* Frameworks */,
				10B9304A28C6CB420076E462 /* Resources */,
				CA00D1FBCB8FB25629438897 /* [CP] Embed Pods Frameworks */,
			);
			buildRules = (
			);
			dependencies = (
			);
			name = Pharmacy;
			productName = Pharmacy;
			productReference = 10B9304C28C6CB420076E462 /* Pharmacy.app */;
			productType = "com.apple.product-type.application";
		};
/* End PBXNativeTarget section */

/* Begin PBXProject section */
		10B9304428C6CB420076E462 /* Project object */ = {
			isa = PBXProject;
			attributes = {
				BuildIndependentTargetsInParallel = 1;
				LastUpgradeCheck = 1320;
				TargetAttributes = {
					10B9304B28C6CB420076E462 = {
						CreatedOnToolsVersion = 13.2.1;
					};
				};
			};
			buildConfigurationList = 10B9304728C6CB420076E462 /* Build configuration list for PBXProject "Pharmacy" */;
			compatibilityVersion = "Xcode 13.0";
			developmentRegion = en;
			hasScannedForEncodings = 0;
			knownRegions = (
				en,
				Base,
			);
			mainGroup = 10B9304328C6CB420076E462;
			productRefGroup = 10B9304D28C6CB420076E462 /* Products */;
			projectDirPath = "";
			projectRoot = "";
			targets = (
				10B9304B28C6CB420076E462 /* Pharmacy */,
			);
		};
/* End PBXProject section */

/* Begin PBXResourcesBuildPhase section */
		10B9304A28C6CB420076E462 /* Resources */ = {
			isa = PBXResourcesBuildPhase;
			buildActionMask = 2147483647;
			files = (
				10B9306228C6CB440076E462 /* LaunchScreen.storyboard in Resources */,
				10B9305F28C6CB440076E462 /* Assets.xcassets in Resources */,
				10B9305A28C6CB420076E462 /* Main.storyboard in Resources */,
			);
			runOnlyForDeploymentPostprocessing = 0;
		};
/* End PBXResourcesBuildPhase section */

/* Begin PBXShellScriptBuildPhase section */
		54861FDDD9F2C7EA97148068 /* [CP] Check Pods Manifest.lock */ = {
			isa = PBXShellScriptBuildPhase;
			buildActionMask = 2147483647;
			files = (
			);
			inputFileListPaths = (
			);
			inputPaths = (
				"${PODS_PODFILE_DIR_PATH}/Podfile.lock",
				"${PODS_ROOT}/Manifest.lock",
			);
			name = "[CP] Check Pods Manifest.lock";
			outputFileListPaths = (
			);
			outputPaths = (
				"$(DERIVED_FILE_DIR)/Pods-Pharmacy-checkManifestLockResult.txt",
			);
			runOnlyForDeploymentPostprocessing = 0;
			shellPath = /bin/sh;
			shellScript = "diff \"${PODS_PODFILE_DIR_PATH}/Podfile.lock\" \"${PODS_ROOT}/Manifest.lock\" > /dev/null\nif [ $? != 0 ] ; then\n    # print error to STDERR\n    echo \"error: The sandbox is not in sync with the Podfile.lock. Run 'pod install' or update your CocoaPods installation.\" >&2\n    exit 1\nfi\n# This output is used by Xcode 'outputs' to avoid re-running this script phase.\necho \"SUCCESS\" > \"${SCRIPT_OUTPUT_FILE_0}\"\n";
			showEnvVarsInLog = 0;
		};
		CA00D1FBCB8FB25629438897 /* [CP] Embed Pods Frameworks */ = {
			isa = PBXShellScriptBuildPhase;
			buildActionMask = 2147483647;
			files = (
			);
			inputFileListPaths = (
				"${PODS_ROOT}/Target Support Files/Pods-Pharmacy/Pods-Pharmacy-frameworks-${CONFIGURATION}-input-files.xcfilelist",
			);
			name = "[CP] Embed Pods Frameworks";
			outputFileListPaths = (
				"${PODS_ROOT}/Target Support Files/Pods-Pharmacy/Pods-Pharmacy-frameworks-${CONFIGURATION}-output-files.xcfilelist",
			);
			runOnlyForDeploymentPostprocessing = 0;
			shellPath = /bin/sh;
			shellScript = "\"${PODS_ROOT}/Target Support Files/Pods-Pharmacy/Pods-Pharmacy-frameworks.sh\"\n";
			showEnvVarsInLog = 0;
		};
/* End PBXShellScriptBuildPhase section */

/* Begin PBXSourcesBuildPhase section */
		10B9304828C6CB420076E462 /* Sources */ = {
			isa = PBXSourcesBuildPhase;
			buildActionMask = 2147483647;
			files = (
				1055B61528C80AB900321EFD /* Pharmacy.m in Sources */,
				10B9306528C6CB440076E462 /* main.m in Sources */,
				1055B62128C80D9E00321EFD /* ReturnRequestsViewController.m in Sources */,
				1055B61228C7F71100321EFD /* FirstViewController.m in Sources */,
				1055B60F28C7F11000321EFD /* PharmaciesViewController.m in Sources */,
				10B9305128C6CB420076E462 /* AppDelegate.m in Sources */,
				10B9307728C6D8430076E462 /* LoginViewController.m in Sources */,
				1055B62428C815D300321EFD /* ReturnRequestsTableViewCell.m in Sources */,
				10B9307428C6D66A0076E462 /* PharmacyHttpClient.m in Sources */,
				1055B61828C80B7A00321EFD /* Item.m in Sources */,
				10B9305D28C6CB420076E462 /* Pharmacy.xcdatamodeld in Sources */,
				1055B61B28C80BCE00321EFD /* Wholesaler.m in Sources */,
				10B9305428C6CB420076E462 /* SceneDelegate.m in Sources */,
				1055B63028C8215400321EFD /* AddItemViewController.m in Sources */,
				1055B62D28C820F500321EFD /* CreateReturnRequestViewController.m in Sources */,
				101ADDC628C93D21002430D9 /* User.m in Sources */,
				1055B61E28C80BEF00321EFD /* ReturnRequest.m in Sources */,
				1055B62A28C81DFE00321EFD /* ItemsTableViewController.m in Sources */,
				10B9307C28C6DC760076E462 /* PharmacyAlert.m in Sources */,
			);
			runOnlyForDeploymentPostprocessing = 0;
		};
/* End PBXSourcesBuildPhase section */

/* Begin PBXVariantGroup section */
		10B9305828C6CB420076E462 /* Main.storyboard */ = {
			isa = PBXVariantGroup;
			children = (
				10B9305928C6CB420076E462 /* Base */,
			);
			name = Main.storyboard;
			sourceTree = "<group>";
		};
		10B9306028C6CB440076E462 /* LaunchScreen.storyboard */ = {
			isa = PBXVariantGroup;
			children = (
				10B9306128C6CB440076E462 /* Base */,
			);
			name = LaunchScreen.storyboard;
			sourceTree = "<group>";
		};
/* End PBXVariantGroup section */

/* Begin XCBuildConfiguration section */
		10B9306628C6CB440076E462 /* Debug */ = {
			isa = XCBuildConfiguration;
			buildSettings = {
				ALWAYS_SEARCH_USER_PATHS = NO;
				CLANG_ANALYZER_NONNULL = YES;
				CLANG_ANALYZER_NUMBER_OBJECT_CONVERSION = YES_AGGRESSIVE;
				CLANG_CXX_LANGUAGE_STANDARD = "gnu++17";
				CLANG_CXX_LIBRARY = "libc++";
				CLANG_ENABLE_MODULES = YES;
				CLANG_ENABLE_OBJC_ARC = YES;
				CLANG_ENABLE_OBJC_WEAK = YES;
				CLANG_WARN_BLOCK_CAPTURE_AUTORELEASING = YES;
				CLANG_WARN_BOOL_CONVERSION = YES;
				CLANG_WARN_COMMA = YES;
				CLANG_WARN_CONSTANT_CONVERSION = YES;
				CLANG_WARN_DEPRECATED_OBJC_IMPLEMENTATIONS = YES;
				CLANG_WARN_DIRECT_OBJC_ISA_USAGE = YES_ERROR;
				CLANG_WARN_DOCUMENTATION_COMMENTS = YES;
				CLANG_WARN_EMPTY_BODY = YES;
				CLANG_WARN_ENUM_CONVERSION = YES;
				CLANG_WARN_INFINITE_RECURSION = YES;
				CLANG_WARN_INT_CONVERSION = YES;
				CLANG_WARN_NON_LITERAL_NULL_CONVERSION = YES;
				CLANG_WARN_OBJC_IMPLICIT_RETAIN_SELF = YES;
				CLANG_WARN_OBJC_LITERAL_CONVERSION = YES;
				CLANG_WARN_OBJC_ROOT_CLASS = YES_ERROR;
				CLANG_WARN_QUOTED_INCLUDE_IN_FRAMEWORK_HEADER = YES;
				CLANG_WARN_RANGE_LOOP_ANALYSIS = YES;
				CLANG_WARN_STRICT_PROTOTYPES = YES;
				CLANG_WARN_SUSPICIOUS_MOVE = YES;
				CLANG_WARN_UNGUARDED_AVAILABILITY = YES_AGGRESSIVE;
				CLANG_WARN_UNREACHABLE_CODE = YES;
				CLANG_WARN__DUPLICATE_METHOD_MATCH = YES;
				COPY_PHASE_STRIP = NO;
				DEBUG_INFORMATION_FORMAT = dwarf;
				ENABLE_STRICT_OBJC_MSGSEND = YES;
				ENABLE_TESTABILITY = YES;
				GCC_C_LANGUAGE_STANDARD = gnu11;
				GCC_DYNAMIC_NO_PIC = NO;
				GCC_NO_COMMON_BLOCKS = YES;
				GCC_OPTIMIZATION_LEVEL = 0;
				GCC_PREPROCESSOR_DEFINITIONS = (
					"DEBUG=1",
					"$(inherited)",
				);
				GCC_WARN_64_TO_32_BIT_CONVERSION = YES;
				GCC_WARN_ABOUT_RETURN_TYPE = YES_ERROR;
				GCC_WARN_UNDECLARED_SELECTOR = YES;
				GCC_WARN_UNINITIALIZED_AUTOS = YES_AGGRESSIVE;
				GCC_WARN_UNUSED_FUNCTION = YES;
				GCC_WARN_UNUSED_VARIABLE = YES;
				IPHONEOS_DEPLOYMENT_TARGET = 15.2;
				MTL_ENABLE_DEBUG_INFO = INCLUDE_SOURCE;
				MTL_FAST_MATH = YES;
				ONLY_ACTIVE_ARCH = YES;
				SDKROOT = iphoneos;
			};
			name = Debug;
		};
		10B9306728C6CB440076E462 /* Release */ = {
			isa = XCBuildConfiguration;
			buildSettings = {
				ALWAYS_SEARCH_USER_PATHS = NO;
				CLANG_ANALYZER_NONNULL = YES;
				CLANG_ANALYZER_NUMBER_OBJECT_CONVERSION = YES_AGGRESSIVE;
				CLANG_CXX_LANGUAGE_STANDARD = "gnu++17";
				CLANG_CXX_LIBRARY = "libc++";
				CLANG_ENABLE_MODULES = YES;
				CLANG_ENABLE_OBJC_ARC = YES;
				CLANG_ENABLE_OBJC_WEAK = YES;
				CLANG_WARN_BLOCK_CAPTURE_AUTORELEASING = YES;
				CLANG_WARN_BOOL_CONVERSION = YES;
				CLANG_WARN_COMMA = YES;
				CLANG_WARN_CONSTANT_CONVERSION = YES;
				CLANG_WARN_DEPRECATED_OBJC_IMPLEMENTATIONS = YES;
				CLANG_WARN_DIRECT_OBJC_ISA_USAGE = YES_ERROR;
				CLANG_WARN_DOCUMENTATION_COMMENTS = YES;
				CLANG_WARN_EMPTY_BODY = YES;
				CLANG_WARN_ENUM_CONVERSION = YES;
				CLANG_WARN_INFINITE_RECURSION = YES;
				CLANG_WARN_INT_CONVERSION = YES;
				CLANG_WARN_NON_LITERAL_NULL_CONVERSION = YES;
				CLANG_WARN_OBJC_IMPLICIT_RETAIN_SELF = YES;
				CLANG_WARN_OBJC_LITERAL_CONVERSION = YES;
				CLANG_WARN_OBJC_ROOT_CLASS = YES_ERROR;
				CLANG_WARN_QUOTED_INCLUDE_IN_FRAMEWORK_HEADER = YES;
				CLANG_WARN_RANGE_LOOP_ANALYSIS = YES;
				CLANG_WARN_STRICT_PROTOTYPES = YES;
				CLANG_WARN_SUSPICIOUS_MOVE = YES;
				CLANG_WARN_UNGUARDED_AVAILABILITY = YES_AGGRESSIVE;
				CLANG_WARN_UNREACHABLE_CODE = YES;
				CLANG_WARN__DUPLICATE_METHOD_MATCH = YES;
				COPY_PHASE_STRIP = NO;
				DEBUG_INFORMATION_FORMAT = "dwarf-with-dsym";
				ENABLE_NS_ASSERTIONS = NO;
				ENABLE_STRICT_OBJC_MSGSEND = YES;
				GCC_C_LANGUAGE_STANDARD = gnu11;
				GCC_NO_COMMON_BLOCKS = YES;
				GCC_WARN_64_TO_32_BIT_CONVERSION = YES;
				GCC_WARN_ABOUT_RETURN_TYPE = YES_ERROR;
				GCC_WARN_UNDECLARED_SELECTOR = YES;
				GCC_WARN_UNINITIALIZED_AUTOS = YES_AGGRESSIVE;
				GCC_WARN_UNUSED_FUNCTION = YES;
				GCC_WARN_UNUSED_VARIABLE = YES;
				IPHONEOS_DEPLOYMENT_TARGET = 15.2;
				MTL_ENABLE_DEBUG_INFO = NO;
				MTL_FAST_MATH = YES;
				SDKROOT = iphoneos;
				VALIDATE_PRODUCT = YES;
			};
			name = Release;
		};
		10B9306928C6CB440076E462 /* Debug */ = {
			isa = XCBuildConfiguration;
			baseConfigurationReference = D5EE9009DF0989E95EFCDEDE /* Pods-Pharmacy.debug.xcconfig */;
			buildSettings = {
				ASSETCATALOG_COMPILER_APPICON_NAME = AppIcon;
				ASSETCATALOG_COMPILER_GLOBAL_ACCENT_COLOR_NAME = AccentColor;
				CODE_SIGN_STYLE = Automatic;
				CURRENT_PROJECT_VERSION = 1;
				DEVELOPMENT_TEAM = S9HZ35W2BL;
				GCC_PREFIX_HEADER = Pharmacy/Pharmacy.pch;
				GENERATE_INFOPLIST_FILE = YES;
				INFOPLIST_FILE = Pharmacy/Info.plist;
				INFOPLIST_KEY_UIApplicationSupportsIndirectInputEvents = YES;
				INFOPLIST_KEY_UILaunchStoryboardName = LaunchScreen;
				INFOPLIST_KEY_UIMainStoryboardFile = Main;
				INFOPLIST_KEY_UISupportedInterfaceOrientations_iPad = "UIInterfaceOrientationPortrait UIInterfaceOrientationPortraitUpsideDown UIInterfaceOrientationLandscapeLeft UIInterfaceOrientationLandscapeRight";
				INFOPLIST_KEY_UISupportedInterfaceOrientations_iPhone = "UIInterfaceOrientationPortrait UIInterfaceOrientationLandscapeLeft UIInterfaceOrientationLandscapeRight";
				LD_RUNPATH_SEARCH_PATHS = (
					"$(inherited)",
					"@executable_path/Frameworks",
				);
				MARKETING_VERSION = 1.0;
				PRODUCT_BUNDLE_IDENTIFIER = com.yomicepa.ios.challenge.Pharmacy;
				PRODUCT_NAME = "$(TARGET_NAME)";
				SWIFT_EMIT_LOC_STRINGS = YES;
				TARGETED_DEVICE_FAMILY = "1,2";
			};
			name = Debug;
		};
		10B9306A28C6CB440076E462 /* Release */ = {
			isa = XCBuildConfiguration;
			baseConfigurationReference = B664760465F4D3DCB07D6CDE /* Pods-Pharmacy.release.xcconfig */;
			buildSettings = {
				ASSETCATALOG_COMPILER_APPICON_NAME = AppIcon;
				ASSETCATALOG_COMPILER_GLOBAL_ACCENT_COLOR_NAME = AccentColor;
				CODE_SIGN_STYLE = Automatic;
				CURRENT_PROJECT_VERSION = 1;
				DEVELOPMENT_TEAM = S9HZ35W2BL;
				GCC_PREFIX_HEADER = Pharmacy/Pharmacy.pch;
				GENERATE_INFOPLIST_FILE = YES;
				INFOPLIST_FILE = Pharmacy/Info.plist;
				INFOPLIST_KEY_UIApplicationSupportsIndirectInputEvents = YES;
				INFOPLIST_KEY_UILaunchStoryboardName = LaunchScreen;
				INFOPLIST_KEY_UIMainStoryboardFile = Main;
				INFOPLIST_KEY_UISupportedInterfaceOrientations_iPad = "UIInterfaceOrientationPortrait UIInterfaceOrientationPortraitUpsideDown UIInterfaceOrientationLandscapeLeft UIInterfaceOrientationLandscapeRight";
				INFOPLIST_KEY_UISupportedInterfaceOrientations_iPhone = "UIInterfaceOrientationPortrait UIInterfaceOrientationLandscapeLeft UIInterfaceOrientationLandscapeRight";
				LD_RUNPATH_SEARCH_PATHS = (
					"$(inherited)",
					"@executable_path/Frameworks",
				);
				MARKETING_VERSION = 1.0;
				PRODUCT_BUNDLE_IDENTIFIER = com.yomicepa.ios.challenge.Pharmacy;
				PRODUCT_NAME = "$(TARGET_NAME)";
				SWIFT_EMIT_LOC_STRINGS = YES;
				TARGETED_DEVICE_FAMILY = "1,2";
			};
			name = Release;
		};
/* End XCBuildConfiguration section */

/* Begin XCConfigurationList section */
		10B9304728C6CB420076E462 /* Build configuration list for PBXProject "Pharmacy" */ = {
			isa = XCConfigurationList;
			buildConfigurations = (
				10B9306628C6CB440076E462 /* Debug */,
				10B9306728C6CB440076E462 /* Release */,
			);
			defaultConfigurationIsVisible = 0;
			defaultConfigurationName = Release;
		};
		10B9306828C6CB440076E462 /* Build configuration list for PBXNativeTarget "Pharmacy" */ = {
			isa = XCConfigurationList;
			buildConfigurations = (
				10B9306928C6CB440076E462 /* Debug */,
				10B9306A28C6CB440076E462 /* Release */,
			);
			defaultConfigurationIsVisible = 0;
			defaultConfigurationName = Release;
		};
/* End XCConfigurationList section */

/* Begin XCVersionGroup section */
		10B9305B28C6CB420076E462 /* Pharmacy.xcdatamodeld */ = {
			isa = XCVersionGroup;
			children = (
				10B9305C28C6CB420076E462 /* Pharmacy.xcdatamodel */,
			);
			currentVersion = 10B9305C28C6CB420076E462 /* Pharmacy.xcdatamodel */;
			path = Pharmacy.xcdatamodeld;
			sourceTree = "<group>";
			versionGroupType = wrapper.xcdatamodel;
		};
/* End XCVersionGroup section */
	};
	rootObject = 10B9304428C6CB420076E462 /* Project object */;
}
